
Microsoft Visual Studio Solution File, Format Version 12.00
# Visual Studio Version 17
VisualStudioVersion = 17.13.35913.81 d17.13
MinimumVisualStudioVersion = 10.0.40219.1
Project("{FAE04EC0-301F-11D3-BF4B-00C04F79EFBC}") = "PousaFlex.API", "PousaFlex.API\PousaFlex.API.csproj", "{AD770B74-C19D-4A11-A8E8-8B88F6AF6F6B}"
EndProject
Project("{FAE04EC0-301F-11D3-BF4B-00C04F79EFBC}") = "PousaFlex.Application", "PousaFlex.Application\PousaFlex.Application.csproj", "{9168BDC9-0A72-4F51-AB0A-77E8E7DF2013}"
EndProject
Project("{FAE04EC0-301F-11D3-BF4B-00C04F79EFBC}") = "PousaFlex.Communication", "PousaFlex.Communication\PousaFlex.Communication.csproj", "{2B5F4F99-1DB4-4C6D-B83F-B157FF119EE4}"
EndProject
Project("{FAE04EC0-301F-11D3-BF4B-00C04F79EFBC}") = "PousaFlex.Exception", "PousaFlex.Exception\PousaFlex.Exception.csproj", "{0142C4FD-8409-4D23-AD8E-8973A75152F4}"
EndProject
Project("{FAE04EC0-301F-11D3-BF4B-00C04F79EFBC}") = "PousaFlex.Domain", "PousaFlex.Domain\PousaFlex.Domain.csproj", "{BD86DCB8-4EC3-4037-B06F-9A1DE18AAA77}"
EndProject
Project("{FAE04EC0-301F-11D3-BF4B-00C04F79EFBC}") = "PousaFlex.Infraestructure", "PousaFlex.Infraestructure\PousaFlex.Infraestructure.csproj", "{F641927A-56B7-4FE1-87D0-9AD0D18775E7}"
EndProject
Global
	GlobalSection(SolutionConfigurationPlatforms) = preSolution
		Debug|Any CPU = Debug|Any CPU
		Release|Any CPU = Release|Any CPU
	EndGlobalSection
	GlobalSection(ProjectConfigurationPlatforms) = postSolution
		{AD770B74-C19D-4A11-A8E8-8B88F6AF6F6B}.Debug|Any CPU.ActiveCfg = Debug|Any CPU
		{AD770B74-C19D-4A11-A8E8-8B88F6AF6F6B}.Debug|Any CPU.Build.0 = Debug|Any CPU
		{AD770B74-C19D-4A11-A8E8-8B88F6AF6F6B}.Release|Any CPU.ActiveCfg = Release|Any CPU
		{AD770B74-C19D-4A11-A8E8-8B88F6AF6F6B}.Release|Any CPU.Build.0 = Release|Any CPU
		{9168BDC9-0A72-4F51-AB0A-77E8E7DF2013}.Debug|Any CPU.ActiveCfg = Debug|Any CPU
		{9168BDC9-0A72-4F51-AB0A-77E8E7DF2013}.Debug|Any CPU.Build.0 = Debug|Any CPU
		{9168BDC9-0A72-4F51-AB0A-77E8E7DF2013}.Release|Any CPU.ActiveCfg = Release|Any CPU
		{9168BDC9-0A72-4F51-AB0A-77E8E7DF2013}.Release|Any CPU.Build.0 = Release|Any CPU
		{2B5F4F99-1DB4-4C6D-B83F-B157FF119EE4}.Debug|Any CPU.ActiveCfg = Debug|Any CPU
		{2B5F4F99-1DB4-4C6D-B83F-B157FF119EE4}.Debug|Any CPU.Build.0 = Debug|Any CPU
		{2B5F4F99-1DB4-4C6D-B83F-B157FF119EE4}.Release|Any CPU.ActiveCfg = Release|Any CPU
		{2B5F4F99-1DB4-4C6D-B83F-B157FF119EE4}.Release|Any CPU.Build.0 = Release|Any CPU
		{0142C4FD-8409-4D23-AD8E-8973A75152F4}.Debug|Any CPU.ActiveCfg = Debug|Any CPU
		{0142C4FD-8409-4D23-AD8E-8973A75152F4}.Debug|Any CPU.Build.0 = Debug|Any CPU
		{0142C4FD-8409-4D23-AD8E-8973A75152F4}.Release|Any CPU.ActiveCfg = Release|Any CPU
		{0142C4FD-8409-4D23-AD8E-8973A75152F4}.Release|Any CPU.Build.0 = Release|Any CPU
		{BD86DCB8-4EC3-4037-B06F-9A1DE18AAA77}.Debug|Any CPU.ActiveCfg = Debug|Any CPU
		{BD86DCB8-4EC3-4037-B06F-9A1DE18AAA77}.Debug|Any CPU.Build.0 = Debug|Any CPU
		{BD86DCB8-4EC3-4037-B06F-9A1DE18AAA77}.Release|Any CPU.ActiveCfg = Release|Any CPU
		{BD86DCB8-4EC3-4037-B06F-9A1DE18AAA77}.Release|Any CPU.Build.0 = Release|Any CPU
		{F641927A-56B7-4FE1-87D0-9AD0D18775E7}.Debug|Any CPU.ActiveCfg = Debug|Any CPU
		{F641927A-56B7-4FE1-87D0-9AD0D18775E7}.Debug|Any CPU.Build.0 = Debug|Any CPU
		{F641927A-56B7-4FE1-87D0-9AD0D18775E7}.Release|Any CPU.ActiveCfg = Release|Any CPU
		{F641927A-56B7-4FE1-87D0-9AD0D18775E7}.Release|Any CPU.Build.0 = Release|Any CPU
	EndGlobalSection
	GlobalSection(SolutionProperties) = preSolution
		HideSolutionNode = FALSE
	EndGlobalSection
	GlobalSection(ExtensibilityGlobals) = postSolution
		SolutionGuid = {BFBFE04D-C1EB-4BF5-ABB1-74E7CA97A37B}
	EndGlobalSection
EndGlobal
